# This file is @generated by PDM.
# It is not intended for manual editing.

[metadata]
groups = ["default"]
strategy = ["inherit_metadata"]
lock_version = "4.5.0"
content_hash = "sha256:9ec7c32ef7d88ed11926cb9d3fdba34cc132d0019091ada666821f806c494601"

[[metadata.targets]]
requires_python = ">=3.10"

[[package]]
name = "annotated-types"
version = "0.7.0"
requires_python = ">=3.8"
summary = "Reusable constraint types to use with typing.Annotated"
groups = ["default"]
dependencies = [
    "typing-extensions>=4.0.0; python_version < \"3.9\"",
]
files = [
    {file = "annotated_types-0.7.0-py3-none-any.whl", hash = "sha256:1f02e8b43a8fbbc3f3e0d4f0f4bfc8131bcb4eebe8849b8e5c773f3a1c582a53"},
    {file = "annotated_types-0.7.0.tar.gz", hash = "sha256:aff07c09a53a08bc8cfccb9c85b05f1aa9a2a6f23728d790723543408344ce89"},
]

[[package]]
name = "anyio"
version = "4.11.0"
requires_python = ">=3.9"
summary = "High-level concurrency and networking framework on top of asyncio or Trio"
groups = ["default"]
dependencies = [
    "exceptiongroup>=1.0.2; python_version < \"3.11\"",
    "idna>=2.8",
    "sniffio>=1.1",
    "typing-extensions>=4.5; python_version < \"3.13\"",
]
files = [
    {file = "anyio-4.11.0-py3-none-any.whl", hash = "sha256:0287e96f4d26d4149305414d4e3bc32f0dcd0862365a4bddea19d7a1ec38c4fc"},
    {file = "anyio-4.11.0.tar.gz", hash = "sha256:82a8d0b81e318cc5ce71a5f1f8b5c4e63619620b63141ef8c995fa0db95a57c4"},
]

[[package]]
name = "certifi"
version = "2025.8.3"
requires_python = ">=3.7"
summary = "Python package for providing Mozilla's CA Bundle."
groups = ["default"]
files = [
    {file = "certifi-2025.8.3-py3-none-any.whl", hash = "sha256:f6c12493cfb1b06ba2ff328595af9350c65d6644968e5d3a2ffd78699af217a5"},
    {file = "certifi-2025.8.3.tar.gz", hash = "sha256:e564105f78ded564e3ae7c923924435e1daa7463faeab5bb932bc53ffae63407"},
]

[[package]]
name = "charset-normalizer"
version = "3.4.3"
requires_python = ">=3.7"
summary = "The Real First Universal Charset Detector. Open, modern and actively maintained alternative to Chardet."
groups = ["default"]
files = [
    {file = "charset_normalizer-3.4.3-cp310-cp310-macosx_10_9_universal2.whl", hash = "sha256:fb7f67a1bfa6e40b438170ebdc8158b78dc465a5a67b6dde178a46987b244a72"},
    {file = "charset_normalizer-3.4.3-cp310-cp310-manylinux2014_aarch64.manylinux_2_17_aarch64.manylinux_2_28_aarch64.whl", hash = "sha256:cc9370a2da1ac13f0153780040f465839e6cccb4a1e44810124b4e22483c93fe"},
    {file = "charset_normalizer-3.4.3-cp310-cp310-manylinux2014_ppc64le.manylinux_2_17_ppc64le.manylinux_2_28_ppc64le.whl", hash = "sha256:07a0eae9e2787b586e129fdcbe1af6997f8d0e5abaa0bc98c0e20e124d67e601"},
    {file = "charset_normalizer-3.4.3-cp310-cp310-manylinux2014_s390x.manylinux_2_17_s390x.manylinux_2_28_s390x.whl", hash = "sha256:74d77e25adda8581ffc1c720f1c81ca082921329452eba58b16233ab1842141c"},
    {file = "charset_normalizer-3.4.3-cp310-cp310-manylinux2014_x86_64.manylinux_2_17_x86_64.manylinux_2_28_x86_64.whl", hash = "sha256:d0e909868420b7049dafd3a31d45125b31143eec59235311fc4c57ea26a4acd2"},
    {file = "charset_normalizer-3.4.3-cp310-cp310-musllinux_1_2_aarch64.whl", hash = "sha256:c6f162aabe9a91a309510d74eeb6507fab5fff92337a15acbe77753d88d9dcf0"},
    {file = "charset_normalizer-3.4.3-cp310-cp310-musllinux_1_2_ppc64le.whl", hash = "sha256:4ca4c094de7771a98d7fbd67d9e5dbf1eb73efa4f744a730437d8a3a5cf994f0"},
    {file = "charset_normalizer-3.4.3-cp310-cp310-musllinux_1_2_s390x.whl", hash = "sha256:02425242e96bcf29a49711b0ca9f37e451da7c70562bc10e8ed992a5a7a25cc0"},
    {file = "charset_normalizer-3.4.3-cp310-cp310-musllinux_1_2_x86_64.whl", hash = "sha256:78deba4d8f9590fe4dae384aeff04082510a709957e968753ff3c48399f6f92a"},
    {file = "charset_normalizer-3.4.3-cp310-cp310-win32.whl", hash = "sha256:d79c198e27580c8e958906f803e63cddb77653731be08851c7df0b1a14a8fc0f"},
    {file = "charset_normalizer-3.4.3-cp310-cp310-win_amd64.whl", hash = "sha256:c6e490913a46fa054e03699c70019ab869e990270597018cef1d8562132c2669"},
    {file = "charset_normalizer-3.4.3-cp311-cp311-macosx_10_9_universal2.whl", hash = "sha256:b256ee2e749283ef3ddcff51a675ff43798d92d746d1a6e4631bf8c707d22d0b"},
    {file = "charset_normalizer-3.4.3-cp311-cp311-manylinux2014_aarch64.manylinux_2_17_aarch64.manylinux_2_28_aarch64.whl", hash = "sha256:13faeacfe61784e2559e690fc53fa4c5ae97c6fcedb8eb6fb8d0a15b475d2c64"},
    {file = "charset_normalizer-3.4.3-cp311-cp311-manylinux2014_ppc64le.manylinux_2_17_ppc64le.manylinux_2_28_ppc64le.whl", hash = "sha256:00237675befef519d9af72169d8604a067d92755e84fe76492fef5441db05b91"},
    {file = "charset_normalizer-3.4.3-cp311-cp311-manylinux2014_s390x.manylinux_2_17_s390x.manylinux_2_28_s390x.whl", hash = "sha256:585f3b2a80fbd26b048a0be90c5aae8f06605d3c92615911c3a2b03a8a3b796f"},
    {file = "charset_normalizer-3.4.3-cp311-cp311-manylinux2014_x86_64.manylinux_2_17_x86_64.manylinux_2_28_x86_64.whl", hash = "sha256:0e78314bdc32fa80696f72fa16dc61168fda4d6a0c014e0380f9d02f0e5d8a07"},
    {file = "charset_normalizer-3.4.3-cp311-cp311-musllinux_1_2_aarch64.whl", hash = "sha256:96b2b3d1a83ad55310de8c7b4a2d04d9277d5591f40761274856635acc5fcb30"},
    {file = "charset_normalizer-3.4.3-cp311-cp311-musllinux_1_2_ppc64le.whl", hash = "sha256:939578d9d8fd4299220161fdd76e86c6a251987476f5243e8864a7844476ba14"},
    {file = "charset_normalizer-3.4.3-cp311-cp311-musllinux_1_2_s390x.whl", hash = "sha256:fd10de089bcdcd1be95a2f73dbe6254798ec1bda9f450d5828c96f93e2536b9c"},
    {file = "charset_normalizer-3.4.3-cp311-cp311-musllinux_1_2_x86_64.whl", hash = "sha256:1e8ac75d72fa3775e0b7cb7e4629cec13b7514d928d15ef8ea06bca03ef01cae"},
    {file = "charset_normalizer-3.4.3-cp311-cp311-win32.whl", hash = "sha256:6cf8fd4c04756b6b60146d98cd8a77d0cdae0e1ca20329da2ac85eed779b6849"},
    {file = "charset_normalizer-3.4.3-cp311-cp311-win_amd64.whl", hash = "sha256:31a9a6f775f9bcd865d88ee350f0ffb0e25936a7f930ca98995c05abf1faf21c"},
    {file = "charset_normalizer-3.4.3-cp312-cp312-macosx_10_13_universal2.whl", hash = "sha256:e28e334d3ff134e88989d90ba04b47d84382a828c061d0d1027b1b12a62b39b1"},
    {file = "charset_normalizer-3.4.3-cp312-cp312-manylinux2014_aarch64.manylinux_2_17_aarch64.manylinux_2_28_aarch64.whl", hash = "sha256:0cacf8f7297b0c4fcb74227692ca46b4a5852f8f4f24b3c766dd94a1075c4884"},
    {file = "charset_normalizer-3.4.3-cp312-cp312-manylinux2014_ppc64le.manylinux_2_17_ppc64le.manylinux_2_28_ppc64le.whl", hash = "sha256:c6fd51128a41297f5409deab284fecbe5305ebd7e5a1f959bee1c054622b7018"},
    {file = "charset_normalizer-3.4.3-cp312-cp312-manylinux2014_s390x.manylinux_2_17_s390x.manylinux_2_28_s390x.whl", hash = "sha256:3cfb2aad70f2c6debfbcb717f23b7eb55febc0bb23dcffc0f076009da10c6392"},
    {file = "charset_normalizer-3.4.3-cp312-cp312-manylinux2014_x86_64.manylinux_2_17_x86_64.manylinux_2_28_x86_64.whl", hash = "sha256:1606f4a55c0fd363d754049cdf400175ee96c992b1f8018b993941f221221c5f"},
    {file = "charset_normalizer-3.4.3-cp312-cp312-musllinux_1_2_aarch64.whl", hash = "sha256:027b776c26d38b7f15b26a5da1044f376455fb3766df8fc38563b4efbc515154"},
    {file = "charset_normalizer-3.4.3-cp312-cp312-musllinux_1_2_ppc64le.whl", hash = "sha256:42e5088973e56e31e4fa58eb6bd709e42fc03799c11c42929592889a2e54c491"},
    {file = "charset_normalizer-3.4.3-cp312-cp312-musllinux_1_2_s390x.whl", hash = "sha256:cc34f233c9e71701040d772aa7490318673aa7164a0efe3172b2981218c26d93"},
    {file = "charset_normalizer-3.4.3-cp312-cp312-musllinux_1_2_x86_64.whl", hash = "sha256:320e8e66157cc4e247d9ddca8e21f427efc7a04bbd0ac8a9faf56583fa543f9f"},
    {file = "charset_normalizer-3.4.3-cp312-cp312-win32.whl", hash = "sha256:fb6fecfd65564f208cbf0fba07f107fb661bcd1a7c389edbced3f7a493f70e37"},
    {file = "charset_normalizer-3.4.3-cp312-cp312-win_amd64.whl", hash = "sha256:86df271bf921c2ee3818f0522e9a5b8092ca2ad8b065ece5d7d9d0e9f4849bcc"},
    {file = "charset_normalizer-3.4.3-cp313-cp313-macosx_10_13_universal2.whl", hash = "sha256:14c2a87c65b351109f6abfc424cab3927b3bdece6f706e4d12faaf3d52ee5efe"},
    {file = "charset_normalizer-3.4.3-cp313-cp313-manylinux2014_aarch64.manylinux_2_17_aarch64.manylinux_2_28_aarch64.whl", hash = "sha256:41d1fc408ff5fdfb910200ec0e74abc40387bccb3252f3f27c0676731df2b2c8"},
    {file = "charset_normalizer-3.4.3-cp313-cp313-manylinux2014_ppc64le.manylinux_2_17_ppc64le.manylinux_2_28_ppc64le.whl", hash = "sha256:1bb60174149316da1c35fa5233681f7c0f9f514509b8e399ab70fea5f17e45c9"},
    {file = "charset_normalizer-3.4.3-cp313-cp313-manylinux2014_s390x.manylinux_2_17_s390x.manylinux_2_28_s390x.whl", hash = "sha256:30d006f98569de3459c2fc1f2acde170b7b2bd265dc1943e87e1a4efe1b67c31"},
    {file = "charset_normalizer-3.4.3-cp313-cp313-manylinux2014_x86_64.manylinux_2_17_x86_64.manylinux_2_28_x86_64.whl", hash = "sha256:416175faf02e4b0810f1f38bcb54682878a4af94059a1cd63b8747244420801f"},
    {file = "charset_normalizer-3.4.3-cp313-cp313-musllinux_1_2_aarch64.whl", hash = "sha256:6aab0f181c486f973bc7262a97f5aca3ee7e1437011ef0c2ec04b5a11d16c927"},
    {file = "charset_normalizer-3.4.3-cp313-cp313-musllinux_1_2_ppc64le.whl", hash = "sha256:fdabf8315679312cfa71302f9bd509ded4f2f263fb5b765cf1433b39106c3cc9"},
    {file = "charset_normalizer-3.4.3-cp313-cp313-musllinux_1_2_s390x.whl", hash = "sha256:bd28b817ea8c70215401f657edef3a8aa83c29d447fb0b622c35403780ba11d5"},
    {file = "charset_normalizer-3.4.3-cp313-cp313-musllinux_1_2_x86_64.whl", hash = "sha256:18343b2d246dc6761a249ba1fb13f9ee9a2bcd95decc767319506056ea4ad4dc"},
    {file = "charset_normalizer-3.4.3-cp313-cp313-win32.whl", hash = "sha256:6fb70de56f1859a3f71261cbe41005f56a7842cc348d3aeb26237560bfa5e0ce"},
    {file = "charset_normalizer-3.4.3-cp313-cp313-win_amd64.whl", hash = "sha256:cf1ebb7d78e1ad8ec2a8c4732c7be2e736f6e5123a4146c5b89c9d1f585f8cef"},
    {file = "charset_normalizer-3.4.3-cp314-cp314-macosx_10_13_universal2.whl", hash = "sha256:3cd35b7e8aedeb9e34c41385fda4f73ba609e561faedfae0a9e75e44ac558a15"},
    {file = "charset_normalizer-3.4.3-cp314-cp314-manylinux2014_aarch64.manylinux_2_17_aarch64.manylinux_2_28_aarch64.whl", hash = "sha256:b89bc04de1d83006373429975f8ef9e7932534b8cc9ca582e4db7d20d91816db"},
    {file = "charset_normalizer-3.4.3-cp314-cp314-manylinux2014_ppc64le.manylinux_2_17_ppc64le.manylinux_2_28_ppc64le.whl", hash = "sha256:2001a39612b241dae17b4687898843f254f8748b796a2e16f1051a17078d991d"},
    {file = "charset_normalizer-3.4.3-cp314-cp314-manylinux2014_s390x.manylinux_2_17_s390x.manylinux_2_28_s390x.whl", hash = "sha256:8dcfc373f888e4fb39a7bc57e93e3b845e7f462dacc008d9749568b1c4ece096"},
    {file = "charset_normalizer-3.4.3-cp314-cp314-manylinux2014_x86_64.manylinux_2_17_x86_64.manylinux_2_28_x86_64.whl", hash = "sha256:18b97b8404387b96cdbd30ad660f6407799126d26a39ca65729162fd810a99aa"},
    {file = "charset_normalizer-3.4.3-cp314-cp314-musllinux_1_2_aarch64.whl", hash = "sha256:ccf600859c183d70eb47e05a44cd80a4ce77394d1ac0f79dbd2dd90a69a3a049"},
    {file = "charset_normalizer-3.4.3-cp314-cp314-musllinux_1_2_ppc64le.whl", hash = "sha256:53cd68b185d98dde4ad8990e56a58dea83a4162161b1ea9272e5c9182ce415e0"},
    {file = "charset_normalizer-3.4.3-cp314-cp314-musllinux_1_2_s390x.whl", hash = "sha256:30a96e1e1f865f78b030d65241c1ee850cdf422d869e9028e2fc1d5e4db73b92"},
    {file = "charset_normalizer-3.4.3-cp314-cp314-musllinux_1_2_x86_64.whl", hash = "sha256:d716a916938e03231e86e43782ca7878fb602a125a91e7acb8b5112e2e96ac16"},
    {file = "charset_normalizer-3.4.3-cp314-cp314-win32.whl", hash = "sha256:c6dbd0ccdda3a2ba7c2ecd9d77b37f3b5831687d8dc1b6ca5f56a4880cc7b7ce"},
    {file = "charset_normalizer-3.4.3-cp314-cp314-win_amd64.whl", hash = "sha256:73dc19b562516fc9bcf6e5d6e596df0b4eb98d87e4f79f3ae71840e6ed21361c"},
    {file = "charset_normalizer-3.4.3-py3-none-any.whl", hash = "sha256:ce571ab16d890d23b5c278547ba694193a45011ff86a9162a71307ed9f86759a"},
    {file = "charset_normalizer-3.4.3.tar.gz", hash = "sha256:6fce4b8500244f6fcb71465d4a4930d132ba9ab8e71a7859e6a5d59851068d14"},
]

[[package]]
name = "colorama"
version = "0.4.6"
requires_python = "!=3.0.*,!=3.1.*,!=3.2.*,!=3.3.*,!=3.4.*,!=3.5.*,!=3.6.*,>=2.7"
summary = "Cross-platform colored terminal text."
groups = ["default"]
marker = "platform_system == \"Windows\""
files = [
    {file = "colorama-0.4.6-py2.py3-none-any.whl", hash = "sha256:4f1d9991f5acc0ca119f9d443620b77f9d6b33703e51011c16baf57afb285fc6"},
    {file = "colorama-0.4.6.tar.gz", hash = "sha256:08695f5cb7ed6e0531a20572697297273c47b8cae5a63ffc6d6ed5c201be6e44"},
]

[[package]]
name = "distro"
version = "1.9.0"
requires_python = ">=3.6"
summary = "Distro - an OS platform information API"
groups = ["default"]
files = [
    {file = "distro-1.9.0-py3-none-any.whl", hash = "sha256:7bffd925d65168f85027d8da9af6bddab658135b840670a223589bc0c8ef02b2"},
    {file = "distro-1.9.0.tar.gz", hash = "sha256:2fa77c6fd8940f116ee1d6b94a2f90b13b5ea8d019b98bc8bafdcabcdd9bdbed"},
]

[[package]]
name = "exceptiongroup"
version = "1.3.0"
requires_python = ">=3.7"
summary = "Backport of PEP 654 (exception groups)"
groups = ["default"]
marker = "python_version < \"3.11\""
dependencies = [
    "typing-extensions>=4.6.0; python_version < \"3.13\"",
]
files = [
    {file = "exceptiongroup-1.3.0-py3-none-any.whl", hash = "sha256:4d111e6e0c13d0644cad6ddaa7ed0261a0b36971f6d23e7ec9b4b9097da78a10"},
    {file = "exceptiongroup-1.3.0.tar.gz", hash = "sha256:b241f5885f560bc56a59ee63ca4c6a8bfa46ae4ad651af316d4e81817bb9fd88"},
]

[[package]]
name = "h11"
version = "0.16.0"
requires_python = ">=3.8"
summary = "A pure-Python, bring-your-own-I/O implementation of HTTP/1.1"
groups = ["default"]
files = [
    {file = "h11-0.16.0-py3-none-any.whl", hash = "sha256:63cf8bbe7522de3bf65932fda1d9c2772064ffb3dae62d55932da54b31cb6c86"},
    {file = "h11-0.16.0.tar.gz", hash = "sha256:4e35b956cf45792e4caa5885e69fba00bdbc6ffafbfa020300e549b208ee5ff1"},
]

[[package]]
name = "httpcore"
version = "1.0.9"
requires_python = ">=3.8"
summary = "A minimal low-level HTTP client."
groups = ["default"]
dependencies = [
    "certifi",
    "h11>=0.16",
]
files = [
    {file = "httpcore-1.0.9-py3-none-any.whl", hash = "sha256:2d400746a40668fc9dec9810239072b40b4484b640a8c38fd654a024c7a1bf55"},
    {file = "httpcore-1.0.9.tar.gz", hash = "sha256:6e34463af53fd2ab5d807f399a9b45ea31c3dfa2276f15a2c3f00afff6e176e8"},
]

[[package]]
name = "httpx"
version = "0.28.1"
requires_python = ">=3.8"
summary = "The next generation HTTP client."
groups = ["default"]
dependencies = [
    "anyio",
    "certifi",
    "httpcore==1.*",
    "idna",
]
files = [
    {file = "httpx-0.28.1-py3-none-any.whl", hash = "sha256:d909fcccc110f8c7faf814ca82a9a4d816bc5a6dbfea25d6591d6985b8ba59ad"},
    {file = "httpx-0.28.1.tar.gz", hash = "sha256:75e98c5f16b0f35b567856f597f06ff2270a374470a5c2392242528e3e3e42fc"},
]

[[package]]
name = "httpx"
version = "0.28.1"
extras = ["socks"]
requires_python = ">=3.8"
summary = "The next generation HTTP client."
groups = ["default"]
dependencies = [
    "httpx==0.28.1",
    "socksio==1.*",
]
files = [
    {file = "httpx-0.28.1-py3-none-any.whl", hash = "sha256:d909fcccc110f8c7faf814ca82a9a4d816bc5a6dbfea25d6591d6985b8ba59ad"},
    {file = "httpx-0.28.1.tar.gz", hash = "sha256:75e98c5f16b0f35b567856f597f06ff2270a374470a5c2392242528e3e3e42fc"},
]

[[package]]
name = "idna"
version = "3.10"
requires_python = ">=3.6"
summary = "Internationalized Domain Names in Applications (IDNA)"
groups = ["default"]
files = [
    {file = "idna-3.10-py3-none-any.whl", hash = "sha256:946d195a0d259cbba61165e88e65941f16e9b36ea6ddb97f00452bae8b1287d3"},
    {file = "idna-3.10.tar.gz", hash = "sha256:12f65c9b470abda6dc35cf8e63cc574b1c52b11df2c86030af0ac09b01b13ea9"},
]

[[package]]
name = "jiter"
version = "0.11.0"
requires_python = ">=3.9"
summary = "Fast iterable JSON parser."
groups = ["default"]
files = [
    {file = "jiter-0.11.0-cp310-cp310-macosx_10_12_x86_64.whl", hash = "sha256:3893ce831e1c0094a83eeaf56c635a167d6fa8cc14393cc14298fd6fdc2a2449"},
    {file = "jiter-0.11.0-cp310-cp310-macosx_11_0_arm64.whl", hash = "sha256:25c625b9b61b5a8725267fdf867ef2e51b429687f6a4eef211f4612e95607179"},
    {file = "jiter-0.11.0-cp310-cp310-manylinux_2_17_aarch64.manylinux2014_aarch64.whl", hash = "sha256:dd4ca85fb6a62cf72e1c7f5e34ddef1b660ce4ed0886ec94a1ef9777d35eaa1f"},
    {file = "jiter-0.11.0-cp310-cp310-manylinux_2_17_armv7l.manylinux2014_armv7l.whl", hash = "sha256:572208127034725e79c28437b82414028c3562335f2b4f451d98136d0fc5f9cd"},
    {file = "jiter-0.11.0-cp310-cp310-manylinux_2_17_ppc64le.manylinux2014_ppc64le.whl", hash = "sha256:494ba627c7f550ad3dabb21862864b8f2216098dc18ff62f37b37796f2f7c325"},
    {file = "jiter-0.11.0-cp310-cp310-manylinux_2_17_s390x.manylinux2014_s390x.whl", hash = "sha256:b8da18a99f58bca3ecc2d2bba99cac000a924e115b6c4f0a2b98f752b6fbf39a"},
    {file = "jiter-0.11.0-cp310-cp310-manylinux_2_17_x86_64.manylinux2014_x86_64.whl", hash = "sha256:e4ffd3b0fff3fabbb02cc09910c08144db6bb5697a98d227a074401e01ee63dd"},
    {file = "jiter-0.11.0-cp310-cp310-manylinux_2_5_i686.manylinux1_i686.whl", hash = "sha256:8fe6530aa738a4f7d4e4702aa8f9581425d04036a5f9e25af65ebe1f708f23be"},
    {file = "jiter-0.11.0-cp310-cp310-musllinux_1_1_aarch64.whl", hash = "sha256:e35d66681c133a03d7e974e7eedae89720fe8ca3bd09f01a4909b86a8adf31f5"},
    {file = "jiter-0.11.0-cp310-cp310-musllinux_1_1_x86_64.whl", hash = "sha256:c59459beca2fbc9718b6f1acb7bfb59ebc3eb4294fa4d40e9cb679dafdcc6c60"},
    {file = "jiter-0.11.0-cp310-cp310-win32.whl", hash = "sha256:b7b0178417b0dcfc5f259edbc6db2b1f5896093ed9035ee7bab0f2be8854726d"},
    {file = "jiter-0.11.0-cp310-cp310-win_amd64.whl", hash = "sha256:11df2bf99fb4754abddd7f5d940a48e51f9d11624d6313ca4314145fcad347f0"},
    {file = "jiter-0.11.0-cp311-cp311-macosx_10_12_x86_64.whl", hash = "sha256:cb5d9db02979c3f49071fce51a48f4b4e4cf574175fb2b11c7a535fa4867b222"},
    {file = "jiter-0.11.0-cp311-cp311-macosx_11_0_arm64.whl", hash = "sha256:1dc6a123f3471c4730db7ca8ba75f1bb3dcb6faeb8d46dd781083e7dee88b32d"},
    {file = "jiter-0.11.0-cp311-cp311-manylinux_2_17_aarch64.manylinux2014_aarch64.whl", hash = "sha256:09858f8d230f031c7b8e557429102bf050eea29c77ad9c34c8fe253c5329acb7"},
    {file = "jiter-0.11.0-cp311-cp311-manylinux_2_17_armv7l.manylinux2014_armv7l.whl", hash = "sha256:dbe2196c4a0ce760925a74ab4456bf644748ab0979762139626ad138f6dac72d"},
    {file = "jiter-0.11.0-cp311-cp311-manylinux_2_17_ppc64le.manylinux2014_ppc64le.whl", hash = "sha256:5beb56d22b63647bafd0b74979216fdee80c580c0c63410be8c11053860ffd09"},
    {file = "jiter-0.11.0-cp311-cp311-manylinux_2_17_s390x.manylinux2014_s390x.whl", hash = "sha256:97025d09ef549795d8dc720a824312cee3253c890ac73c621721ddfc75066789"},
    {file = "jiter-0.11.0-cp311-cp311-manylinux_2_17_x86_64.manylinux2014_x86_64.whl", hash = "sha256:d50880a6da65d8c23a2cf53c412847d9757e74cc9a3b95c5704a1d1a24667347"},
    {file = "jiter-0.11.0-cp311-cp311-manylinux_2_5_i686.manylinux1_i686.whl", hash = "sha256:452d80a1c86c095a242007bd9fc5d21b8a8442307193378f891cb8727e469648"},
    {file = "jiter-0.11.0-cp311-cp311-musllinux_1_1_aarch64.whl", hash = "sha256:e84e58198d4894668eec2da660ffff60e0f3e60afa790ecc50cb12b0e02ca1d4"},
    {file = "jiter-0.11.0-cp311-cp311-musllinux_1_1_x86_64.whl", hash = "sha256:df64edcfc5dd5279a791eea52aa113d432c933119a025b0b5739f90d2e4e75f1"},
    {file = "jiter-0.11.0-cp311-cp311-win32.whl", hash = "sha256:144fc21337d21b1d048f7f44bf70881e1586401d405ed3a98c95a114a9994982"},
    {file = "jiter-0.11.0-cp311-cp311-win_amd64.whl", hash = "sha256:b0f32e644d241293b892b1a6dd8f0b9cc029bfd94c97376b2681c36548aabab7"},
    {file = "jiter-0.11.0-cp312-cp312-macosx_10_12_x86_64.whl", hash = "sha256:2fb7b377688cc3850bbe5c192a6bd493562a0bc50cbc8b047316428fbae00ada"},
    {file = "jiter-0.11.0-cp312-cp312-macosx_11_0_arm64.whl", hash = "sha256:a1b7cbe3f25bd0d8abb468ba4302a5d45617ee61b2a7a638f63fee1dc086be99"},
    {file = "jiter-0.11.0-cp312-cp312-manylinux_2_17_aarch64.manylinux2014_aarch64.whl", hash = "sha256:c0a7f0ec81d5b7588c5cade1eb1925b91436ae6726dc2df2348524aeabad5de6"},
    {file = "jiter-0.11.0-cp312-cp312-manylinux_2_17_armv7l.manylinux2014_armv7l.whl", hash = "sha256:07630bb46ea2a6b9c6ed986c6e17e35b26148cce2c535454b26ee3f0e8dcaba1"},
    {file = "jiter-0.11.0-cp312-cp312-manylinux_2_17_ppc64le.manylinux2014_ppc64le.whl", hash = "sha256:7764f27d28cd4a9cbc61704dfcd80c903ce3aad106a37902d3270cd6673d17f4"},
    {file = "jiter-0.11.0-cp312-cp312-manylinux_2_17_s390x.manylinux2014_s390x.whl", hash = "sha256:1d4a6c4a737d486f77f842aeb22807edecb4a9417e6700c7b981e16d34ba7c72"},
    {file = "jiter-0.11.0-cp312-cp312-manylinux_2_17_x86_64.manylinux2014_x86_64.whl", hash = "sha256:cf408d2a0abd919b60de8c2e7bc5eeab72d4dafd18784152acc7c9adc3291591"},
    {file = "jiter-0.11.0-cp312-cp312-manylinux_2_5_i686.manylinux1_i686.whl", hash = "sha256:cdef53eda7d18e799625023e1e250dbc18fbc275153039b873ec74d7e8883e09"},
    {file = "jiter-0.11.0-cp312-cp312-musllinux_1_1_aarch64.whl", hash = "sha256:53933a38ef7b551dd9c7f1064f9d7bb235bb3168d0fa5f14f0798d1b7ea0d9c5"},
    {file = "jiter-0.11.0-cp312-cp312-musllinux_1_1_x86_64.whl", hash = "sha256:11840d2324c9ab5162fc1abba23bc922124fedcff0d7b7f85fffa291e2f69206"},
    {file = "jiter-0.11.0-cp312-cp312-win32.whl", hash = "sha256:4f01a744d24a5f2bb4a11657a1b27b61dc038ae2e674621a74020406e08f749b"},
    {file = "jiter-0.11.0-cp312-cp312-win_amd64.whl", hash = "sha256:29fff31190ab3a26de026da2f187814f4b9c6695361e20a9ac2123e4d4378a4c"},
    {file = "jiter-0.11.0-cp313-cp313-macosx_10_12_x86_64.whl", hash = "sha256:4441a91b80a80249f9a6452c14b2c24708f139f64de959943dfeaa6cb915e8eb"},
    {file = "jiter-0.11.0-cp313-cp313-macosx_11_0_arm64.whl", hash = "sha256:ff85fc6d2a431251ad82dbd1ea953affb5a60376b62e7d6809c5cd058bb39471"},
    {file = "jiter-0.11.0-cp313-cp313-manylinux_2_17_aarch64.manylinux2014_aarch64.whl", hash = "sha256:c5e86126d64706fd28dfc46f910d496923c6f95b395138c02d0e252947f452bd"},
    {file = "jiter-0.11.0-cp313-cp313-manylinux_2_17_armv7l.manylinux2014_armv7l.whl", hash = "sha256:4ad8bd82165961867a10f52010590ce0b7a8c53da5ddd8bbb62fef68c181b921"},
    {file = "jiter-0.11.0-cp313-cp313-manylinux_2_17_ppc64le.manylinux2014_ppc64le.whl", hash = "sha256:b42c2cd74273455ce439fd9528db0c6e84b5623cb74572305bdd9f2f2961d3df"},
    {file = "jiter-0.11.0-cp313-cp313-manylinux_2_17_s390x.manylinux2014_s390x.whl", hash = "sha256:f0062dab98172dd0599fcdbf90214d0dcde070b1ff38a00cc1b90e111f071982"},
    {file = "jiter-0.11.0-cp313-cp313-manylinux_2_17_x86_64.manylinux2014_x86_64.whl", hash = "sha256:bb948402821bc76d1f6ef0f9e19b816f9b09f8577844ba7140f0b6afe994bc64"},
    {file = "jiter-0.11.0-cp313-cp313-manylinux_2_5_i686.manylinux1_i686.whl", hash = "sha256:25a5b1110cca7329fd0daf5060faa1234be5c11e988948e4f1a1923b6a457fe1"},
    {file = "jiter-0.11.0-cp313-cp313-musllinux_1_1_aarch64.whl", hash = "sha256:bf11807e802a214daf6c485037778843fadd3e2ec29377ae17e0706ec1a25758"},
    {file = "jiter-0.11.0-cp313-cp313-musllinux_1_1_x86_64.whl", hash = "sha256:dbb57da40631c267861dd0090461222060960012d70fd6e4c799b0f62d0ba166"},
    {file = "jiter-0.11.0-cp313-cp313-win32.whl", hash = "sha256:8e36924dad32c48d3c5e188d169e71dc6e84d6cb8dedefea089de5739d1d2f80"},
    {file = "jiter-0.11.0-cp313-cp313-win_amd64.whl", hash = "sha256:452d13e4fd59698408087235259cebe67d9d49173b4dacb3e8d35ce4acf385d6"},
    {file = "jiter-0.11.0-cp313-cp313t-macosx_11_0_arm64.whl", hash = "sha256:089f9df9f69532d1339e83142438668f52c97cd22ee2d1195551c2b1a9e6cf33"},
    {file = "jiter-0.11.0-cp313-cp313t-manylinux_2_17_x86_64.manylinux2014_x86_64.whl", hash = "sha256:29ed1fe69a8c69bf0f2a962d8d706c7b89b50f1332cd6b9fbda014f60bd03a03"},
    {file = "jiter-0.11.0-cp313-cp313t-win_amd64.whl", hash = "sha256:a4d71d7ea6ea8786291423fe209acf6f8d398a0759d03e7f24094acb8ab686ba"},
    {file = "jiter-0.11.0-cp314-cp314-macosx_10_12_x86_64.whl", hash = "sha256:9a6dff27eca70930bdbe4cbb7c1a4ba8526e13b63dc808c0670083d2d51a4a72"},
    {file = "jiter-0.11.0-cp314-cp314-macosx_11_0_arm64.whl", hash = "sha256:b1ae2a7593a62132c7d4c2abbee80bbbb94fdc6d157e2c6cc966250c564ef774"},
    {file = "jiter-0.11.0-cp314-cp314-manylinux_2_17_aarch64.manylinux2014_aarch64.whl", hash = "sha256:7b13a431dba4b059e9e43019d3022346d009baf5066c24dcdea321a303cde9f0"},
    {file = "jiter-0.11.0-cp314-cp314-manylinux_2_17_armv7l.manylinux2014_armv7l.whl", hash = "sha256:af62e84ca3889604ebb645df3b0a3f3bcf6b92babbff642bd214616f57abb93a"},
    {file = "jiter-0.11.0-cp314-cp314-manylinux_2_17_ppc64le.manylinux2014_ppc64le.whl", hash = "sha256:c6f3b32bb723246e6b351aecace52aba78adb8eeb4b2391630322dc30ff6c773"},
    {file = "jiter-0.11.0-cp314-cp314-manylinux_2_17_s390x.manylinux2014_s390x.whl", hash = "sha256:adcab442f4a099a358a7f562eaa54ed6456fb866e922c6545a717be51dbed7d7"},
    {file = "jiter-0.11.0-cp314-cp314-manylinux_2_17_x86_64.manylinux2014_x86_64.whl", hash = "sha256:c9967c2ab338ee2b2c0102fd379ec2693c496abf71ffd47e4d791d1f593b68e2"},
    {file = "jiter-0.11.0-cp314-cp314-manylinux_2_5_i686.manylinux1_i686.whl", hash = "sha256:e7d0bed3b187af8b47a981d9742ddfc1d9b252a7235471ad6078e7e4e5fe75c2"},
    {file = "jiter-0.11.0-cp314-cp314-musllinux_1_1_aarch64.whl", hash = "sha256:f6fe0283e903ebc55f1a6cc569b8c1f3bf4abd026fed85e3ff8598a9e6f982f0"},
    {file = "jiter-0.11.0-cp314-cp314-musllinux_1_1_x86_64.whl", hash = "sha256:4ee5821e3d66606b29ae5b497230b304f1376f38137d69e35f8d2bd5f310ff73"},
    {file = "jiter-0.11.0-cp314-cp314-win32.whl", hash = "sha256:c2d13ba7567ca8799f17c76ed56b1d49be30df996eb7fa33e46b62800562a5e2"},
    {file = "jiter-0.11.0-cp314-cp314t-macosx_11_0_arm64.whl", hash = "sha256:fb4790497369d134a07fc763cc88888c46f734abdd66f9fdf7865038bf3a8f40"},
    {file = "jiter-0.11.0-cp314-cp314t-manylinux_2_17_x86_64.manylinux2014_x86_64.whl", hash = "sha256:6e2bbf24f16ba5ad4441a9845e40e4ea0cb9eed00e76ba94050664ef53ef4406"},
    {file = "jiter-0.11.0.tar.gz", hash = "sha256:1d9637eaf8c1d6a63d6562f2a6e5ab3af946c66037eb1b894e8fad75422266e4"},
]

[[package]]
name = "mistletoe"
version = "1.4.0"
requires_python = "~=3.5"
summary = "A fast, extensible Markdown parser in pure Python."
groups = ["default"]
files = [
    {file = "mistletoe-1.4.0-py3-none-any.whl", hash = "sha256:44a477803861de1237ba22e375c6b617690a31d2902b47279d1f8f7ed498a794"},
    {file = "mistletoe-1.4.0.tar.gz", hash = "sha256:1630f906e5e4bbe66fdeb4d29d277e2ea515d642bb18a9b49b136361a9818c9d"},
]

[[package]]
name = "openai"
version = "1.109.1"
requires_python = ">=3.8"
summary = "The official Python library for the openai API"
groups = ["default"]
dependencies = [
    "anyio<5,>=3.5.0",
    "distro<2,>=1.7.0",
    "httpx<1,>=0.23.0",
    "jiter<1,>=0.4.0",
    "pydantic<3,>=1.9.0",
    "sniffio",
    "tqdm>4",
    "typing-extensions<5,>=4.11",
]
files = [
    {file = "openai-1.109.1-py3-none-any.whl", hash = "sha256:6bcaf57086cf59159b8e27447e4e7dd019db5d29a438072fbd49c290c7e65315"},
    {file = "openai-1.109.1.tar.gz", hash = "sha256:d173ed8dbca665892a6db099b4a2dfac624f94d20a93f46eb0b56aae940ed869"},
]

[[package]]
name = "pydantic"
version = "2.11.9"
requires_python = ">=3.9"
summary = "Data validation using Python type hints"
groups = ["default"]
dependencies = [
    "annotated-types>=0.6.0",
    "pydantic-core==2.33.2",
    "typing-extensions>=4.12.2",
    "typing-inspection>=0.4.0",
]
files = [
    {file = "pydantic-2.11.9-py3-none-any.whl", hash = "sha256:c42dd626f5cfc1c6950ce6205ea58c93efa406da65f479dcb4029d5934857da2"},
    {file = "pydantic-2.11.9.tar.gz", hash = "sha256:6b8ffda597a14812a7975c90b82a8a2e777d9257aba3453f973acd3c032a18e2"},
]

[[package]]
name = "pydantic-core"
version = "2.33.2"
requires_python = ">=3.9"
summary = "Core functionality for Pydantic validation and serialization"
groups = ["default"]
dependencies = [
    "typing-extensions!=4.7.0,>=4.6.0",
]
files = [
    {file = "pydantic_core-2.33.2-cp310-cp310-macosx_10_12_x86_64.whl", hash = "sha256:2b3d326aaef0c0399d9afffeb6367d5e26ddc24d351dbc9c636840ac355dc5d8"},
    {file = "pydantic_core-2.33.2-cp310-cp310-macosx_11_0_arm64.whl", hash = "sha256:0e5b2671f05ba48b94cb90ce55d8bdcaaedb8ba00cc5359f6810fc918713983d"},
    {file = "pydantic_core-2.33.2-cp310-cp310-manylinux_2_17_aarch64.manylinux2014_aarch64.whl", hash = "sha256:0069c9acc3f3981b9ff4cdfaf088e98d83440a4c7ea1bc07460af3d4dc22e72d"},
    {file = "pydantic_core-2.33.2-cp310-cp310-manylinux_2_17_armv7l.manylinux2014_armv7l.whl", hash = "sha256:d53b22f2032c42eaaf025f7c40c2e3b94568ae077a606f006d206a463bc69572"},
    {file = "pydantic_core-2.33.2-cp310-cp310-manylinux_2_17_ppc64le.manylinux2014_ppc64le.whl", hash = "sha256:0405262705a123b7ce9f0b92f123334d67b70fd1f20a9372b907ce1080c7ba02"},
    {file = "pydantic_core-2.33.2-cp310-cp310-manylinux_2_17_s390x.manylinux2014_s390x.whl", hash = "sha256:4b25d91e288e2c4e0662b8038a28c6a07eaac3e196cfc4ff69de4ea3db992a1b"},
    {file = "pydantic_core-2.33.2-cp310-cp310-manylinux_2_17_x86_64.manylinux2014_x86_64.whl", hash = "sha256:6bdfe4b3789761f3bcb4b1ddf33355a71079858958e3a552f16d5af19768fef2"},
    {file = "pydantic_core-2.33.2-cp310-cp310-manylinux_2_5_i686.manylinux1_i686.whl", hash = "sha256:efec8db3266b76ef9607c2c4c419bdb06bf335ae433b80816089ea7585816f6a"},
    {file = "pydantic_core-2.33.2-cp310-cp310-musllinux_1_1_aarch64.whl", hash = "sha256:031c57d67ca86902726e0fae2214ce6770bbe2f710dc33063187a68744a5ecac"},
    {file = "pydantic_core-2.33.2-cp310-cp310-musllinux_1_1_armv7l.whl", hash = "sha256:f8de619080e944347f5f20de29a975c2d815d9ddd8be9b9b7268e2e3ef68605a"},
    {file = "pydantic_core-2.33.2-cp310-cp310-musllinux_1_1_x86_64.whl", hash = "sha256:73662edf539e72a9440129f231ed3757faab89630d291b784ca99237fb94db2b"},
    {file = "pydantic_core-2.33.2-cp310-cp310-win32.whl", hash = "sha256:0a39979dcbb70998b0e505fb1556a1d550a0781463ce84ebf915ba293ccb7e22"},
    {file = "pydantic_core-2.33.2-cp310-cp310-win_amd64.whl", hash = "sha256:b0379a2b24882fef529ec3b4987cb5d003b9cda32256024e6fe1586ac45fc640"},
    {file = "pydantic_core-2.33.2-cp311-cp311-macosx_10_12_x86_64.whl", hash = "sha256:4c5b0a576fb381edd6d27f0a85915c6daf2f8138dc5c267a57c08a62900758c7"},
    {file = "pydantic_core-2.33.2-cp311-cp311-macosx_11_0_arm64.whl", hash = "sha256:e799c050df38a639db758c617ec771fd8fb7a5f8eaaa4b27b101f266b216a246"},
    {file = "pydantic_core-2.33.2-cp311-cp311-manylinux_2_17_aarch64.manylinux2014_aarch64.whl", hash = "sha256:dc46a01bf8d62f227d5ecee74178ffc448ff4e5197c756331f71efcc66dc980f"},
    {file = "pydantic_core-2.33.2-cp311-cp311-manylinux_2_17_armv7l.manylinux2014_armv7l.whl", hash = "sha256:a144d4f717285c6d9234a66778059f33a89096dfb9b39117663fd8413d582dcc"},
    {file = "pydantic_core-2.33.2-cp311-cp311-manylinux_2_17_ppc64le.manylinux2014_ppc64le.whl", hash = "sha256:73cf6373c21bc80b2e0dc88444f41ae60b2f070ed02095754eb5a01df12256de"},
    {file = "pydantic_core-2.33.2-cp311-cp311-manylinux_2_17_s390x.manylinux2014_s390x.whl", hash = "sha256:3dc625f4aa79713512d1976fe9f0bc99f706a9dee21dfd1810b4bbbf228d0e8a"},
    {file = "pydantic_core-2.33.2-cp311-cp311-manylinux_2_17_x86_64.manylinux2014_x86_64.whl", hash = "sha256:881b21b5549499972441da4758d662aeea93f1923f953e9cbaff14b8b9565aef"},
    {file = "pydantic_core-2.33.2-cp311-cp311-manylinux_2_5_i686.manylinux1_i686.whl", hash = "sha256:bdc25f3681f7b78572699569514036afe3c243bc3059d3942624e936ec93450e"},
    {file = "pydantic_core-2.33.2-cp311-cp311-musllinux_1_1_aarch64.whl", hash = "sha256:fe5b32187cbc0c862ee201ad66c30cf218e5ed468ec8dc1cf49dec66e160cc4d"},
    {file = "pydantic_core-2.33.2-cp311-cp311-musllinux_1_1_armv7l.whl", hash = "sha256:bc7aee6f634a6f4a95676fcb5d6559a2c2a390330098dba5e5a5f28a2e4ada30"},
    {file = "pydantic_core-2.33.2-cp311-cp311-musllinux_1_1_x86_64.whl", hash = "sha256:235f45e5dbcccf6bd99f9f472858849f73d11120d76ea8707115415f8e5ebebf"},
    {file = "pydantic_core-2.33.2-cp311-cp311-win32.whl", hash = "sha256:6368900c2d3ef09b69cb0b913f9f8263b03786e5b2a387706c5afb66800efd51"},
    {file = "pydantic_core-2.33.2-cp311-cp311-win_amd64.whl", hash = "sha256:1e063337ef9e9820c77acc768546325ebe04ee38b08703244c1309cccc4f1bab"},
    {file = "pydantic_core-2.33.2-cp311-cp311-win_arm64.whl", hash = "sha256:6b99022f1d19bc32a4c2a0d544fc9a76e3be90f0b3f4af413f87d38749300e65"},
    {file = "pydantic_core-2.33.2-cp312-cp312-macosx_10_12_x86_64.whl", hash = "sha256:a7ec89dc587667f22b6a0b6579c249fca9026ce7c333fc142ba42411fa243cdc"},
    {file = "pydantic_core-2.33.2-cp312-cp312-macosx_11_0_arm64.whl", hash = "sha256:3c6db6e52c6d70aa0d00d45cdb9b40f0433b96380071ea80b09277dba021ddf7"},
    {file = "pydantic_core-2.33.2-cp312-cp312-manylinux_2_17_aarch64.manylinux2014_aarch64.whl", hash = "sha256:4e61206137cbc65e6d5256e1166f88331d3b6238e082d9f74613b9b765fb9025"},
    {file = "pydantic_core-2.33.2-cp312-cp312-manylinux_2_17_armv7l.manylinux2014_armv7l.whl", hash = "sha256:eb8c529b2819c37140eb51b914153063d27ed88e3bdc31b71198a198e921e011"},
    {file = "pydantic_core-2.33.2-cp312-cp312-manylinux_2_17_ppc64le.manylinux2014_ppc64le.whl", hash = "sha256:c52b02ad8b4e2cf14ca7b3d918f3eb0ee91e63b3167c32591e57c4317e134f8f"},
    {file = "pydantic_core-2.33.2-cp312-cp312-manylinux_2_17_s390x.manylinux2014_s390x.whl", hash = "sha256:96081f1605125ba0855dfda83f6f3df5ec90c61195421ba72223de35ccfb2f88"},
    {file = "pydantic_core-2.33.2-cp312-cp312-manylinux_2_17_x86_64.manylinux2014_x86_64.whl", hash = "sha256:8f57a69461af2a5fa6e6bbd7a5f60d3b7e6cebb687f55106933188e79ad155c1"},
    {file = "pydantic_core-2.33.2-cp312-cp312-manylinux_2_5_i686.manylinux1_i686.whl", hash = "sha256:572c7e6c8bb4774d2ac88929e3d1f12bc45714ae5ee6d9a788a9fb35e60bb04b"},
    {file = "pydantic_core-2.33.2-cp312-cp312-musllinux_1_1_aarch64.whl", hash = "sha256:db4b41f9bd95fbe5acd76d89920336ba96f03e149097365afe1cb092fceb89a1"},
    {file = "pydantic_core-2.33.2-cp312-cp312-musllinux_1_1_armv7l.whl", hash = "sha256:fa854f5cf7e33842a892e5c73f45327760bc7bc516339fda888c75ae60edaeb6"},
    {file = "pydantic_core-2.33.2-cp312-cp312-musllinux_1_1_x86_64.whl", hash = "sha256:5f483cfb75ff703095c59e365360cb73e00185e01aaea067cd19acffd2ab20ea"},
    {file = "pydantic_core-2.33.2-cp312-cp312-win32.whl", hash = "sha256:9cb1da0f5a471435a7bc7e439b8a728e8b61e59784b2af70d7c169f8dd8ae290"},
    {file = "pydantic_core-2.33.2-cp312-cp312-win_amd64.whl", hash = "sha256:f941635f2a3d96b2973e867144fde513665c87f13fe0e193c158ac51bfaaa7b2"},
    {file = "pydantic_core-2.33.2-cp312-cp312-win_arm64.whl", hash = "sha256:cca3868ddfaccfbc4bfb1d608e2ccaaebe0ae628e1416aeb9c4d88c001bb45ab"},
    {file = "pydantic_core-2.33.2-cp313-cp313-macosx_10_12_x86_64.whl", hash = "sha256:1082dd3e2d7109ad8b7da48e1d4710c8d06c253cbc4a27c1cff4fbcaa97a9e3f"},
    {file = "pydantic_core-2.33.2-cp313-cp313-macosx_11_0_arm64.whl", hash = "sha256:f517ca031dfc037a9c07e748cefd8d96235088b83b4f4ba8939105d20fa1dcd6"},
    {file = "pydantic_core-2.33.2-cp313-cp313-manylinux_2_17_aarch64.manylinux2014_aarch64.whl", hash = "sha256:0a9f2c9dd19656823cb8250b0724ee9c60a82f3cdf68a080979d13092a3b0fef"},
    {file = "pydantic_core-2.33.2-cp313-cp313-manylinux_2_17_armv7l.manylinux2014_armv7l.whl", hash = "sha256:2b0a451c263b01acebe51895bfb0e1cc842a5c666efe06cdf13846c7418caa9a"},
    {file = "pydantic_core-2.33.2-cp313-cp313-manylinux_2_17_ppc64le.manylinux2014_ppc64le.whl", hash = "sha256:1ea40a64d23faa25e62a70ad163571c0b342b8bf66d5fa612ac0dec4f069d916"},
    {file = "pydantic_core-2.33.2-cp313-cp313-manylinux_2_17_s390x.manylinux2014_s390x.whl", hash = "sha256:0fb2d542b4d66f9470e8065c5469ec676978d625a8b7a363f07d9a501a9cb36a"},
    {file = "pydantic_core-2.33.2-cp313-cp313-manylinux_2_17_x86_64.manylinux2014_x86_64.whl", hash = "sha256:9fdac5d6ffa1b5a83bca06ffe7583f5576555e6c8b3a91fbd25ea7780f825f7d"},
    {file = "pydantic_core-2.33.2-cp313-cp313-manylinux_2_5_i686.manylinux1_i686.whl", hash = "sha256:04a1a413977ab517154eebb2d326da71638271477d6ad87a769102f7c2488c56"},
    {file = "pydantic_core-2.33.2-cp313-cp313-musllinux_1_1_aarch64.whl", hash = "sha256:c8e7af2f4e0194c22b5b37205bfb293d166a7344a5b0d0eaccebc376546d77d5"},
    {file = "pydantic_core-2.33.2-cp313-cp313-musllinux_1_1_armv7l.whl", hash = "sha256:5c92edd15cd58b3c2d34873597a1e20f13094f59cf88068adb18947df5455b4e"},
    {file = "pydantic_core-2.33.2-cp313-cp313-musllinux_1_1_x86_64.whl", hash = "sha256:65132b7b4a1c0beded5e057324b7e16e10910c106d43675d9bd87d4f38dde162"},
    {file = "pydantic_core-2.33.2-cp313-cp313-win32.whl", hash = "sha256:52fb90784e0a242bb96ec53f42196a17278855b0f31ac7c3cc6f5c1ec4811849"},
    {file = "pydantic_core-2.33.2-cp313-cp313-win_amd64.whl", hash = "sha256:c083a3bdd5a93dfe480f1125926afcdbf2917ae714bdb80b36d34318b2bec5d9"},
    {file = "pydantic_core-2.33.2-cp313-cp313-win_arm64.whl", hash = "sha256:e80b087132752f6b3d714f041ccf74403799d3b23a72722ea2e6ba2e892555b9"},
    {file = "pydantic_core-2.33.2-cp313-cp313t-macosx_11_0_arm64.whl", hash = "sha256:61c18fba8e5e9db3ab908620af374db0ac1baa69f0f32df4f61ae23f15e586ac"},
    {file = "pydantic_core-2.33.2-cp313-cp313t-manylinux_2_17_x86_64.manylinux2014_x86_64.whl", hash = "sha256:95237e53bb015f67b63c91af7518a62a8660376a6a0db19b89acc77a4d6199f5"},
    {file = "pydantic_core-2.33.2-cp313-cp313t-win_amd64.whl", hash = "sha256:c2fc0a768ef76c15ab9238afa6da7f69895bb5d1ee83aeea2e3509af4472d0b9"},
    {file = "pydantic_core-2.33.2-pp310-pypy310_pp73-macosx_10_12_x86_64.whl", hash = "sha256:5c4aa4e82353f65e548c476b37e64189783aa5384903bfea4f41580f255fddfa"},
    {file = "pydantic_core-2.33.2-pp310-pypy310_pp73-macosx_11_0_arm64.whl", hash = "sha256:d946c8bf0d5c24bf4fe333af284c59a19358aa3ec18cb3dc4370080da1e8ad29"},
    {file = "pydantic_core-2.33.2-pp310-pypy310_pp73-manylinux_2_17_aarch64.manylinux2014_aarch64.whl", hash = "sha256:87b31b6846e361ef83fedb187bb5b4372d0da3f7e28d85415efa92d6125d6e6d"},
    {file = "pydantic_core-2.33.2-pp310-pypy310_pp73-manylinux_2_17_x86_64.manylinux2014_x86_64.whl", hash = "sha256:aa9d91b338f2df0508606f7009fde642391425189bba6d8c653afd80fd6bb64e"},
    {file = "pydantic_core-2.33.2-pp310-pypy310_pp73-manylinux_2_5_i686.manylinux1_i686.whl", hash = "sha256:2058a32994f1fde4ca0480ab9d1e75a0e8c87c22b53a3ae66554f9af78f2fe8c"},
    {file = "pydantic_core-2.33.2-pp310-pypy310_pp73-musllinux_1_1_aarch64.whl", hash = "sha256:0e03262ab796d986f978f79c943fc5f620381be7287148b8010b4097f79a39ec"},
    {file = "pydantic_core-2.33.2-pp310-pypy310_pp73-musllinux_1_1_armv7l.whl", hash = "sha256:1a8695a8d00c73e50bff9dfda4d540b7dee29ff9b8053e38380426a85ef10052"},
    {file = "pydantic_core-2.33.2-pp310-pypy310_pp73-musllinux_1_1_x86_64.whl", hash = "sha256:fa754d1850735a0b0e03bcffd9d4b4343eb417e47196e4485d9cca326073a42c"},
    {file = "pydantic_core-2.33.2-pp310-pypy310_pp73-win_amd64.whl", hash = "sha256:a11c8d26a50bfab49002947d3d237abe4d9e4b5bdc8846a63537b6488e197808"},
    {file = "pydantic_core-2.33.2-pp311-pypy311_pp73-macosx_10_12_x86_64.whl", hash = "sha256:dd14041875d09cc0f9308e37a6f8b65f5585cf2598a53aa0123df8b129d481f8"},
    {file = "pydantic_core-2.33.2-pp311-pypy311_pp73-macosx_11_0_arm64.whl", hash = "sha256:d87c561733f66531dced0da6e864f44ebf89a8fba55f31407b00c2f7f9449593"},
    {file = "pydantic_core-2.33.2-pp311-pypy311_pp73-manylinux_2_17_aarch64.manylinux2014_aarch64.whl", hash = "sha256:2f82865531efd18d6e07a04a17331af02cb7a651583c418df8266f17a63c6612"},
    {file = "pydantic_core-2.33.2-pp311-pypy311_pp73-manylinux_2_17_x86_64.manylinux2014_x86_64.whl", hash = "sha256:2bfb5112df54209d820d7bf9317c7a6c9025ea52e49f46b6a2060104bba37de7"},
    {file = "pydantic_core-2.33.2-pp311-pypy311_pp73-manylinux_2_5_i686.manylinux1_i686.whl", hash = "sha256:64632ff9d614e5eecfb495796ad51b0ed98c453e447a76bcbeeb69615079fc7e"},
    {file = "pydantic_core-2.33.2-pp311-pypy311_pp73-musllinux_1_1_aarch64.whl", hash = "sha256:f889f7a40498cc077332c7ab6b4608d296d852182211787d4f3ee377aaae66e8"},
    {file = "pydantic_core-2.33.2-pp311-pypy311_pp73-musllinux_1_1_armv7l.whl", hash = "sha256:de4b83bb311557e439b9e186f733f6c645b9417c84e2eb8203f3f820a4b988bf"},
    {file = "pydantic_core-2.33.2-pp311-pypy311_pp73-musllinux_1_1_x86_64.whl", hash = "sha256:82f68293f055f51b51ea42fafc74b6aad03e70e191799430b90c13d643059ebb"},
    {file = "pydantic_core-2.33.2-pp311-pypy311_pp73-win_amd64.whl", hash = "sha256:329467cecfb529c925cf2bbd4d60d2c509bc2fb52a20c1045bf09bb70971a9c1"},
    {file = "pydantic_core-2.33.2.tar.gz", hash = "sha256:7cb8bc3605c29176e1b105350d2e6474142d7c1bd1d9327c4a9bdb46bf827acc"},
]

[[package]]
name = "pytelegrambotapi"
version = "4.29.1"
requires_python = ">=3.9"
summary = "Python Telegram bot API."
groups = ["default"]
dependencies = [
    "requests",
]
files = [
    {file = "pytelegrambotapi-4.29.1-py3-none-any.whl", hash = "sha256:961cd699c84864d29a3528eccd5319a558068a935a32b7c953c3b780b38f0d93"},
    {file = "pytelegrambotapi-4.29.1.tar.gz", hash = "sha256:dd33d526e537eccb464175dd0326781a1c9fdb87db3ac141ec911e797f7e0797"},
]

[[package]]
name = "requests"
version = "2.32.5"
requires_python = ">=3.9"
summary = "Python HTTP for Humans."
groups = ["default"]
dependencies = [
    "certifi>=2017.4.17",
    "charset-normalizer<4,>=2",
    "idna<4,>=2.5",
    "urllib3<3,>=1.21.1",
]
files = [
    {file = "requests-2.32.5-py3-none-any.whl", hash = "sha256:2462f94637a34fd532264295e186976db0f5d453d1cdd31473c85a6a161affb6"},
    {file = "requests-2.32.5.tar.gz", hash = "sha256:dbba0bac56e100853db0ea71b82b4dfd5fe2bf6d3754a8893c3af500cec7d7cf"},
]

[[package]]
name = "sniffio"
version = "1.3.1"
requires_python = ">=3.7"
summary = "Sniff out which async library your code is running under"
groups = ["default"]
files = [
    {file = "sniffio-1.3.1-py3-none-any.whl", hash = "sha256:2f6da418d1f1e0fddd844478f41680e794e6051915791a034ff65e5f100525a2"},
    {file = "sniffio-1.3.1.tar.gz", hash = "sha256:f4324edc670a0f49750a81b895f35c3adb843cca46f0530f79fc1babb23789dc"},
]

[[package]]
name = "socksio"
version = "1.0.0"
requires_python = ">=3.6"
summary = "Sans-I/O implementation of SOCKS4, SOCKS4A, and SOCKS5."
groups = ["default"]
files = [
    {file = "socksio-1.0.0-py3-none-any.whl", hash = "sha256:95dc1f15f9b34e8d7b16f06d74b8ccf48f609af32ab33c608d08761c5dcbb1f3"},
    {file = "socksio-1.0.0.tar.gz", hash = "sha256:f88beb3da5b5c38b9890469de67d0cb0f9d494b78b106ca1845f96c10b91c4ac"},
]

[[package]]
name = "telegramify-markdown"
version = "0.5.1"
requires_python = ">=3.9"
summary = "Makes it easy to send Markdown in Telegram MarkdownV2 style"
groups = ["default"]
dependencies = [
    "mistletoe==1.4.0",
]
files = [
    {file = "telegramify_markdown-0.5.1-py3-none-any.whl", hash = "sha256:a757b9a0f0d681ba7e29638deabc8decc634626bee359d95effaa505a86b756d"},
    {file = "telegramify_markdown-0.5.1.tar.gz", hash = "sha256:a2c4ca337219607dce13883bdc30bf4faf07bf37e3f748594e8b10e1b5708fae"},
]

[[package]]
name = "tqdm"
version = "4.67.1"
requires_python = ">=3.7"
summary = "Fast, Extensible Progress Meter"
groups = ["default"]
dependencies = [
    "colorama; platform_system == \"Windows\"",
]
files = [
    {file = "tqdm-4.67.1-py3-none-any.whl", hash = "sha256:26445eca388f82e72884e0d580d5464cd801a3ea01e63e5601bdff9ba6a48de2"},
    {file = "tqdm-4.67.1.tar.gz", hash = "sha256:f8aef9c52c08c13a65f30ea34f4e5aac3fd1a34959879d7e59e63027286627f2"},
]

[[package]]
name = "typing-extensions"
version = "4.15.0"
requires_python = ">=3.9"
summary = "Backported and Experimental Type Hints for Python 3.9+"
groups = ["default"]
files = [
    {file = "typing_extensions-4.15.0-py3-none-any.whl", hash = "sha256:f0fa19c6845758ab08074a0cfa8b7aecb71c999ca73d62883bc25cc018c4e548"},
    {file = "typing_extensions-4.15.0.tar.gz", hash = "sha256:0cea48d173cc12fa28ecabc3b837ea3cf6f38c6d1136f85cbaaf598984861466"},
]

[[package]]
name = "typing-inspection"
version = "0.4.1"
requires_python = ">=3.9"
summary = "Runtime typing introspection tools"
groups = ["default"]
dependencies = [
    "typing-extensions>=4.12.0",
]
files = [
    {file = "typing_inspection-0.4.1-py3-none-any.whl", hash = "sha256:389055682238f53b04f7badcb49b989835495a96700ced5dab2d8feae4b26f51"},
    {file = "typing_inspection-0.4.1.tar.gz", hash = "sha256:6ae134cc0203c33377d43188d4064e9b357dba58cff3185f22924610e70a9d28"},
]

[[package]]
name = "urllib3"
version = "2.5.0"
requires_python = ">=3.9"
summary = "HTTP library with thread-safe connection pooling, file post, and more."
groups = ["default"]
files = [
    {file = "urllib3-2.5.0-py3-none-any.whl", hash = "sha256:e6b01673c0fa6a13e374b50871808eb3bf7046c4b125b216f6bf1cc604cff0dc"},
    {file = "urllib3-2.5.0.tar.gz", hash = "sha256:3fc47733c7e419d4bc3f6b3dc2b4f890bb743906a30d56ba4a5bfa4bbff92760"},
]
